
Microsoft Visual Studio Solution File, Format Version 12.00
# Visual Studio 15
VisualStudioVersion = 15.0.28010.2050
MinimumVisualStudioVersion = 10.0.40219.1
Project("{FAE04EC0-301F-11D3-BF4B-00C04F79EFBC}") = "ConventionsAndConstraints", "ConventionsAndConstraints\ConventionsAndConstraints.csproj", "{FE464AE3-1778-4448-A2A2-C451B175DAB1}"
EndProject
Global
	GlobalSection(SolutionConfigurationPlatforms) = preSolution
		Debug|Any CPU = Debug|Any CPU
		Release|Any CPU = Release|Any CPU
	EndGlobalSection
	GlobalSection(ProjectConfigurationPlatforms) = postSolution
		{FE464AE3-1778-4448-A2A2-C451B175DAB1}.Debug|Any CPU.ActiveCfg = Debug|Any CPU
		{FE464AE3-1778-4448-A2A2-C451B175DAB1}.Debug|Any CPU.Build.0 = Debug|Any CPU
		{FE464AE3-1778-4448-A2A2-C451B175DAB1}.Release|Any CPU.ActiveCfg = Release|Any CPU
		{FE464AE3-1778-4448-A2A2-C451B175DAB1}.Release|Any CPU.Build.0 = Release|Any CPU
	EndGlobalSection
	GlobalSection(SolutionProperties) = preSolution
		HideSolutionNode = FALSE
	EndGlobalSection
	GlobalSection(ExtensibilityGlobals) = postSolution
		SolutionGuid = {B4940D1C-C837-4155-A261-0046FEDEB0F1}
	EndGlobalSection
EndGlobal
